
Microsoft Visual Studio Solution File, Format Version 12.00
# Visual Studio Version 16
VisualStudioVersion = 16.0.31702.278
MinimumVisualStudioVersion = 10.0.40219.1
Project("{FAE04EC0-301F-11D3-BF4B-00C04F79EFBC}") = "ExampleServerTCP", "ExampleServerTCP\ExampleServerTCP.csproj", "{D4021A38-1908-4BF0-9A4C-D6005586075C}"
EndProject
Project("{FAE04EC0-301F-11D3-BF4B-00C04F79EFBC}") = "ExampleClientTCP", "ExampleClientTCP\ExampleClientTCP.csproj", "{7DBCF145-66F3-4529-A43B-AC14B9C3BB73}"
EndProject
Global
	GlobalSection(SolutionConfigurationPlatforms) = preSolution
		Debug|Any CPU = Debug|Any CPU
		Release|Any CPU = Release|Any CPU
	EndGlobalSection
	GlobalSection(ProjectConfigurationPlatforms) = postSolution
		{D4021A38-1908-4BF0-9A4C-D6005586075C}.Debug|Any CPU.ActiveCfg = Debug|Any CPU
		{D4021A38-1908-4BF0-9A4C-D6005586075C}.Debug|Any CPU.Build.0 = Debug|Any CPU
		{D4021A38-1908-4BF0-9A4C-D6005586075C}.Release|Any CPU.ActiveCfg = Release|Any CPU
		{D4021A38-1908-4BF0-9A4C-D6005586075C}.Release|Any CPU.Build.0 = Release|Any CPU
		{7DBCF145-66F3-4529-A43B-AC14B9C3BB73}.Debug|Any CPU.ActiveCfg = Debug|Any CPU
		{7DBCF145-66F3-4529-A43B-AC14B9C3BB73}.Debug|Any CPU.Build.0 = Debug|Any CPU
		{7DBCF145-66F3-4529-A43B-AC14B9C3BB73}.Release|Any CPU.ActiveCfg = Release|Any CPU
		{7DBCF145-66F3-4529-A43B-AC14B9C3BB73}.Release|Any CPU.Build.0 = Release|Any CPU
	EndGlobalSection
	GlobalSection(SolutionProperties) = preSolution
		HideSolutionNode = FALSE
	EndGlobalSection
	GlobalSection(ExtensibilityGlobals) = postSolution
		SolutionGuid = {6CB17A34-288B-4967-AF9A-FE1119A85FD4}
	EndGlobalSection
EndGlobal
